
Microsoft Visual Studio Solution File, Format Version 12.00
# Visual Studio 2012
Project("{FAE04EC0-301F-11D3-BF4B-00C04F79EFBC}") = "VMFactory.Orchestration.LaunchConditions", "VMFactory.Orchestration.LaunchConditions\VMFactory.Orchestration.LaunchConditions.csproj", "{9E2CF156-31FD-421C-9B66-FDB730BBCF46}"
EndProject
Project("{FAE04EC0-301F-11D3-BF4B-00C04F79EFBC}") = "VMFactory.Orchestration.LaunchConditions.UnitTests", "VMFactory.Orchestration.LaunchConditions.UnitTests\VMFactory.Orchestration.LaunchConditions.UnitTests.csproj", "{A21927F0-A3A3-44B3-8EEA-380AB0255BCA}"
EndProject
Project("{FAE04EC0-301F-11D3-BF4B-00C04F79EFBC}") = "VMFactory.Orchestration.LaunchConditions.Client", "VMFactory.Orchestration.LaunchConditions.Client\VMFactory.Orchestration.LaunchConditions.Client.csproj", "{3F7BFE70-B8FE-4BC7-A77C-64CA9B4419CF}"
EndProject
Global
	GlobalSection(TeamFoundationVersionControl) = preSolution
		SccNumberOfProjects = 4
		SccEnterpriseProvider = {4CA58AB2-18FA-4F8D-95D4-32DDF27D184C}
		SccTeamFoundationServer = https://almrangers.visualstudio.com/defaultcollection
		SccLocalPath0 = .
		SccProjectUniqueName1 = VMFactory.Orchestration.LaunchConditions\\VMFactory.Orchestration.LaunchConditions.csproj
		SccProjectName1 = VMFactory.Orchestration.LaunchConditions
		SccLocalPath1 = VMFactory.Orchestration.LaunchConditions
		SccProjectUniqueName2 = VMFactory.Orchestration.LaunchConditions.UnitTests\\VMFactory.Orchestration.LaunchConditions.UnitTests.csproj
		SccProjectName2 = VMFactory.Orchestration.LaunchConditions.UnitTests
		SccLocalPath2 = VMFactory.Orchestration.LaunchConditions.UnitTests
		SccProjectUniqueName3 = VMFactory.Orchestration.LaunchConditions.Client\\VMFactory.Orchestration.LaunchConditions.Client.csproj
		SccProjectName3 = VMFactory.Orchestration.LaunchConditions.Client
		SccLocalPath3 = VMFactory.Orchestration.LaunchConditions.Client
	EndGlobalSection
	GlobalSection(SolutionConfigurationPlatforms) = preSolution
		Debug|Any CPU = Debug|Any CPU
		Release|Any CPU = Release|Any CPU
	EndGlobalSection
	GlobalSection(ProjectConfigurationPlatforms) = postSolution
		{9E2CF156-31FD-421C-9B66-FDB730BBCF46}.Debug|Any CPU.ActiveCfg = Debug|Any CPU
		{9E2CF156-31FD-421C-9B66-FDB730BBCF46}.Debug|Any CPU.Build.0 = Debug|Any CPU
		{9E2CF156-31FD-421C-9B66-FDB730BBCF46}.Release|Any CPU.ActiveCfg = Release|Any CPU
		{9E2CF156-31FD-421C-9B66-FDB730BBCF46}.Release|Any CPU.Build.0 = Release|Any CPU
		{A21927F0-A3A3-44B3-8EEA-380AB0255BCA}.Debug|Any CPU.ActiveCfg = Debug|Any CPU
		{A21927F0-A3A3-44B3-8EEA-380AB0255BCA}.Debug|Any CPU.Build.0 = Debug|Any CPU
		{A21927F0-A3A3-44B3-8EEA-380AB0255BCA}.Release|Any CPU.ActiveCfg = Release|Any CPU
		{A21927F0-A3A3-44B3-8EEA-380AB0255BCA}.Release|Any CPU.Build.0 = Release|Any CPU
		{3F7BFE70-B8FE-4BC7-A77C-64CA9B4419CF}.Debug|Any CPU.ActiveCfg = Debug|Any CPU
		{3F7BFE70-B8FE-4BC7-A77C-64CA9B4419CF}.Debug|Any CPU.Build.0 = Debug|Any CPU
		{3F7BFE70-B8FE-4BC7-A77C-64CA9B4419CF}.Release|Any CPU.ActiveCfg = Release|Any CPU
		{3F7BFE70-B8FE-4BC7-A77C-64CA9B4419CF}.Release|Any CPU.Build.0 = Release|Any CPU
	EndGlobalSection
	GlobalSection(SolutionProperties) = preSolution
		HideSolutionNode = FALSE
	EndGlobalSection
EndGlobal
